
Microsoft Visual Studio Solution File, Format Version 12.00
# Visual Studio Version 17
VisualStudioVersion = 17.13.35818.85
MinimumVisualStudioVersion = 10.0.40219.1
Project("{FAE04EC0-301F-11D3-BF4B-00C04F79EFBC}") = "WebApi", "WebApi\WebApi.csproj", "{75AE02AA-F644-4A2E-96E3-DF000D757374}"
EndProject
Project("{2150E333-8FDC-42A3-9474-1A3956D46DE8}") = "Solution Items", "Solution Items", "{02EA681E-C7D8-13C7-8484-4AC65E1B71E8}"
	ProjectSection(SolutionItems) = preProject
		.dockerignore = .dockerignore
		.editorconfig = .editorconfig
		.gitignore = .gitignore
		README.md = README.md
	EndProjectSection
EndProject
Project("{FAE04EC0-301F-11D3-BF4B-00C04F79EFBC}") = "Tests", "Tests\Tests.csproj", "{4B5DF684-A5A1-4A2C-A39E-B09A4073298E}"
EndProject
Global
	GlobalSection(SolutionConfigurationPlatforms) = preSolution
		Debug|Any CPU = Debug|Any CPU
		Release|Any CPU = Release|Any CPU
	EndGlobalSection
	GlobalSection(ProjectConfigurationPlatforms) = postSolution
		{75AE02AA-F644-4A2E-96E3-DF000D757374}.Debug|Any CPU.ActiveCfg = Debug|Any CPU
		{75AE02AA-F644-4A2E-96E3-DF000D757374}.Debug|Any CPU.Build.0 = Debug|Any CPU
		{75AE02AA-F644-4A2E-96E3-DF000D757374}.Release|Any CPU.ActiveCfg = Release|Any CPU
		{75AE02AA-F644-4A2E-96E3-DF000D757374}.Release|Any CPU.Build.0 = Release|Any CPU
		{4B5DF684-A5A1-4A2C-A39E-B09A4073298E}.Debug|Any CPU.ActiveCfg = Debug|Any CPU
		{4B5DF684-A5A1-4A2C-A39E-B09A4073298E}.Debug|Any CPU.Build.0 = Debug|Any CPU
		{4B5DF684-A5A1-4A2C-A39E-B09A4073298E}.Release|Any CPU.ActiveCfg = Release|Any CPU
		{4B5DF684-A5A1-4A2C-A39E-B09A4073298E}.Release|Any CPU.Build.0 = Release|Any CPU
	EndGlobalSection
	GlobalSection(SolutionProperties) = preSolution
		HideSolutionNode = FALSE
	EndGlobalSection
	GlobalSection(ExtensibilityGlobals) = postSolution
		SolutionGuid = {4B58F779-FE6A-4569-80C5-61ED86A5B428}
	EndGlobalSection
EndGlobal
